
Microsoft Visual Studio Solution File, Format Version 12.00
# Visual Studio 15
VisualStudioVersion = 15.0.28307.572
MinimumVisualStudioVersion = 10.0.40219.1
Project("{FAE04EC0-301F-11D3-BF4B-00C04F79EFBC}") = "Echo", "Echo\Echo.csproj", "{01912482-2888-4A2B-80BB-A68A131CF3A5}"
EndProject
Project("{FAE04EC0-301F-11D3-BF4B-00C04F79EFBC}") = "Server", "Server\Server.csproj", "{C8F224E9-9888-454B-B404-B023B3C87495}"
EndProject
Global
	GlobalSection(SolutionConfigurationPlatforms) = preSolution
		Debug|Any CPU = Debug|Any CPU
		Release|Any CPU = Release|Any CPU
	EndGlobalSection
	GlobalSection(ProjectConfigurationPlatforms) = postSolution
		{01912482-2888-4A2B-80BB-A68A131CF3A5}.Debug|Any CPU.ActiveCfg = Debug|Any CPU
		{01912482-2888-4A2B-80BB-A68A131CF3A5}.Debug|Any CPU.Build.0 = Debug|Any CPU
		{01912482-2888-4A2B-80BB-A68A131CF3A5}.Release|Any CPU.ActiveCfg = Release|Any CPU
		{01912482-2888-4A2B-80BB-A68A131CF3A5}.Release|Any CPU.Build.0 = Release|Any CPU
		{C8F224E9-9888-454B-B404-B023B3C87495}.Debug|Any CPU.ActiveCfg = Debug|Any CPU
		{C8F224E9-9888-454B-B404-B023B3C87495}.Debug|Any CPU.Build.0 = Debug|Any CPU
		{C8F224E9-9888-454B-B404-B023B3C87495}.Release|Any CPU.ActiveCfg = Release|Any CPU
		{C8F224E9-9888-454B-B404-B023B3C87495}.Release|Any CPU.Build.0 = Release|Any CPU
	EndGlobalSection
	GlobalSection(SolutionProperties) = preSolution
		HideSolutionNode = FALSE
	EndGlobalSection
	GlobalSection(ExtensibilityGlobals) = postSolution
		SolutionGuid = {B70E2693-F4D1-477C-A2AF-91F50B2BB406}
	EndGlobalSection
EndGlobal
